// !$*UTF8*$!
{
	archiveVersion = 1;
	classes = {
	};
	objectVersion = 46;
	objects = {

/* Begin PBXBuildFile section */
		1241BA061A09AAC6003BD083 /* main.m in Sources */ = {isa = PBXBuildFile; fileRef = 1241BA051A09AAC6003BD083 /* main.m */; };
		1241BA091A09AAC6003BD083 /* AppDelegate.m in Sources */ = {isa = PBXBuildFile; fileRef = 1241BA081A09AAC6003BD083 /* AppDelegate.m */; };
		1241BA0C1A09AAC6003BD083 /* ChatApp.xcdatamodeld in Sources */ = {isa = PBXBuildFile; fileRef = 1241BA0A1A09AAC6003BD083 /* ChatApp.xcdatamodeld */; };
		1241BA0F1A09AAC6003BD083 /* ViewController.m in Sources */ = {isa = PBXBuildFile; fileRef = 1241BA0E1A09AAC6003BD083 /* ViewController.m */; };
		1241BA121A09AAC6003BD083 /* Main.storyboard in Resources */ = {isa = PBXBuildFile; fileRef = 1241BA101A09AAC6003BD083 /* Main.storyboard */; };
		1241BA141A09AAC6003BD083 /* Images.xcassets in Resources */ = {isa = PBXBuildFile; fileRef = 1241BA131A09AAC6003BD083 /* Images.xcassets */; };
		1241BA171A09AAC6003BD083 /* LaunchScreen.xib in Resources */ = {isa = PBXBuildFile; fileRef = 1241BA151A09AAC6003BD083 /* LaunchScreen.xib */; };
		1241BA231A09AAC6003BD083 /* ChatAppTests.m in Sources */ = {isa = PBXBuildFile; fileRef = 1241BA221A09AAC6003BD083 /* ChatAppTests.m */; };
/* End PBXBuildFile section */

/* Begin PBXContainerItemProxy section */
		1241BA1D1A09AAC6003BD083 /* PBXContainerItemProxy */ = {
			isa = PBXContainerItemProxy;
			containerPortal = 1241B9F81A09AAC6003BD083 /* Project object */;
			proxyType = 1;
			remoteGlobalIDString = 1241B9FF1A09AAC6003BD083;
			remoteInfo = ChatApp;
		};
/* End PBXContainerItemProxy section */

/* Begin PBXFileReference section */
		1241BA001A09AAC6003BD083 /* ChatApp.app */ = {isa = PBXFileReference; explicitFileType = wrapper.application; includeInIndex = 0; path = ChatApp.app; sourceTree = BUILT_PRODUCTS_DIR; };
		1241BA041A09AAC6003BD083 /* Info.plist */ = {isa = PBXFileReference; lastKnownFileType = text.plist.xml; path = Info.plist; sourceTree = "<group>"; };
		1241BA051A09AAC6003BD083 /* main.m */ = {isa = PBXFileReference; lastKnownFileType = sourcecode.c.objc; path = main.m; sourceTree = "<group>"; };
		1241BA071A09AAC6003BD083 /* AppDelegate.h */ = {isa = PBXFileReference; lastKnownFileType = sourcecode.c.h; path = AppDelegate.h; sourceTree = "<group>"; };
		1241BA081A09AAC6003BD083 /* AppDelegate.m */ = {isa = PBXFileReference; lastKnownFileType = sourcecode.c.objc; path = AppDelegate.m; sourceTree = "<group>"; };
		1241BA0B1A09AAC6003BD083 /* ChatApp.xcdatamodel */ = {isa = PBXFileReference; lastKnownFileType = wrapper.xcdatamodel; path = ChatApp.xcdatamodel; sourceTree = "<group>"; };
		1241BA0D1A09AAC6003BD083 /* ViewController.h */ = {isa = PBXFileReference; lastKnownFileType = sourcecode.c.h; path = ViewController.h; sourceTree = "<group>"; };
		1241BA0E1A09AAC6003BD083 /* ViewController.m */ = {isa = PBXFileReference; lastKnownFileType = sourcecode.c.objc; path = ViewController.m; sourceTree = "<group>"; };
		1241BA111A09AAC6003BD083 /* Base */ = {isa = PBXFileReference; lastKnownFileType = file.storyboard; name = Base; path = Base.lproj/Main.storyboard; sourceTree = "<group>"; };
		1241BA131A09AAC6003BD083 /* Images.xcassets */ = {isa = PBXFileReference; lastKnownFileType = folder.assetcatalog; path = Images.xcassets; sourceTree = "<group>"; };
		1241BA161A09AAC6003BD083 /* Base */ = {isa = PBXFileReference; lastKnownFileType = file.xib; name = Base; path = Base.lproj/LaunchScreen.xib; sourceTree = "<group>"; };
		1241BA1C1A09AAC6003BD083 /* ChatAppTests.xctest */ = {isa = PBXFileReference; explicitFileType = wrapper.cfbundle; includeInIndex = 0; path = ChatAppTests.xctest; sourceTree = BUILT_PRODUCTS_DIR; };
		1241BA211A09AAC6003BD083 /* Info.plist */ = {isa = PBXFileReference; lastKnownFileType = text.plist.xml; path = Info.plist; sourceTree = "<group>"; };
		1241BA221A09AAC6003BD083 /* ChatAppTests.m */ = {isa = PBXFileReference; lastKnownFileType = sourcecode.c.objc; path = ChatAppTests.m; sourceTree = "<group>"; };
/* End PBXFileReference section */

/* Begin PBXFrameworksBuildPhase section */
		1241B9FD1A09AAC6003BD083 /* Frameworks */ = {
			isa = PBXFrameworksBuildPhase;
			buildActionMask = 2147483647;
			files = (
			);
			runOnlyForDeploymentPostprocessing = 0;
		};
		1241BA191A09AAC6003BD083 /* Frameworks */ = {
			isa = PBXFrameworksBuildPhase;
			buildActionMask = 2147483647;
			files = (
			);
			runOnlyForDeploymentPostprocessing = 0;
		};
/* End PBXFrameworksBuildPhase section */

/* Begin PBXGroup section */
		1241B9F71A09AAC6003BD083 = {
			isa = PBXGroup;
			children = (
				1241BA021A09AAC6003BD083 /* ChatApp */,
				1241BA1F1A09AAC6003BD083 /* ChatAppTests */,
				1241BA011A09AAC6003BD083 /* Products */,
			);
			sourceTree = "<group>";
		};
		1241BA011A09AAC6003BD083 /* Products */ = {
			isa = PBXGroup;
			children = (
				1241BA001A09AAC6003BD083 /* ChatApp.app */,
				1241BA1C1A09AAC6003BD083 /* ChatAppTests.xctest */,
			);
			name = Products;
			sourceTree = "<group>";
		};
		1241BA021A09AAC6003BD083 /* ChatApp */ = {
			isa = PBXGroup;
			children = (
				1241BA071A09AAC6003BD083 /* AppDelegate.h */,
				1241BA081A09AAC6003BD083 /* AppDelegate.m */,
				1241BA0D1A09AAC6003BD083 /* ViewController.h */,
				1241BA0E1A09AAC6003BD083 /* ViewController.m */,
				1241BA101A09AAC6003BD083 /* Main.storyboard */,
				1241BA131A09AAC6003BD083 /* Images.xcassets */,
				1241BA151A09AAC6003BD083 /* LaunchScreen.xib */,
				1241BA0A1A09AAC6003BD083 /* ChatApp.xcdatamodeld */,
				1241BA031A09AAC6003BD083 /* Supporting Files */,
			);
			path = ChatApp;
			sourceTree = "<group>";
		};
		1241BA031A09AAC6003BD083 /* Supporting Files */ = {
			isa = PBXGroup;
			children = (
				1241BA041A09AAC6003BD083 /* Info.plist */,
				1241BA051A09AAC6003BD083 /* main.m */,
			);
			name = "Supporting Files";
			sourceTree = "<group>";
		};
		1241BA1F1A09AAC6003BD083 /* ChatAppTests */ = {
			isa = PBXGroup;
			children = (
				1241BA221A09AAC6003BD083 /* ChatAppTests.m */,
				1241BA201A09AAC6003BD083 /* Supporting Files */,
			);
			path = ChatAppTests;
			sourceTree = "<group>";
		};
		1241BA201A09AAC6003BD083 /* Supporting Files */ = {
			isa = PBXGroup;
			children = (
				1241BA211A09AAC6003BD083 /* Info.plist */,
			);
			name = "Supporting Files";
			sourceTree = "<group>";
		};
/* End PBXGroup section */

/* Begin PBXNativeTarget section */
		1241B9FF1A09AAC6003BD083 /* ChatApp */ = {
			isa = PBXNativeTarget;
			buildConfigurationList = 1241BA261A09AAC6003BD083 /* Build configuration list for PBXNativeTarget "ChatApp" */;
			buildPhases = (
				1241B9FC1A09AAC6003BD083 /* Sources */,
				1241B9FD1A09AAC6003BD083 /* Frameworks */,
				1241B9FE1A09AAC6003BD083 /* Resources */,
			);
			buildRules = (
			);
			dependencies = (
			);
			name = ChatApp;
			productName = ChatApp;
			productReference = 1241BA001A09AAC6003BD083 /* ChatApp.app */;
			productType = "com.apple.product-type.application";
		};
		1241BA1B1A09AAC6003BD083 /* ChatAppTests */ = {
			isa = PBXNativeTarget;
			buildConfigurationList = 1241BA291A09AAC6003BD083 /* Build configuration list for PBXNativeTarget "ChatAppTests" */;
			buildPhases = (
				1241BA181A09AAC6003BD083 /* Sources */,
				1241BA191A09AAC6003BD083 /* Frameworks */,
				1241BA1A1A09AAC6003BD083 /* Resources */,
			);
			buildRules = (
			);
			dependencies = (
				1241BA1E1A09AAC6003BD083 /* PBXTargetDependency */,
			);
			name = ChatAppTests;
			productName = ChatAppTests;
			productReference = 1241BA1C1A09AAC6003BD083 /* ChatAppTests.xctest */;
			productType = "com.apple.product-type.bundle.unit-test";
		};
/* End PBXNativeTarget section */

/* Begin PBXProject section */
		1241B9F81A09AAC6003BD083 /* Project object */ = {
			isa = PBXProject;
			attributes = {
				LastUpgradeCheck = 0610;
				ORGANIZATIONNAME = "Vi & Ryan";
				TargetAttributes = {
					1241B9FF1A09AAC6003BD083 = {
						CreatedOnToolsVersion = 6.1;
					};
					1241BA1B1A09AAC6003BD083 = {
						CreatedOnToolsVersion = 6.1;
						TestTargetID = 1241B9FF1A09AAC6003BD083;
					};
				};
			};
			buildConfigurationList = 1241B9FB1A09AAC6003BD083 /* Build configuration list for PBXProject "ChatApp" */;
			compatibilityVersion = "Xcode 3.2";
			developmentRegion = English;
			hasScannedForEncodings = 0;
			knownRegions = (
				en,
				Base,
			);
			mainGroup = 1241B9F71A09AAC6003BD083;
			productRefGroup = 1241BA011A09AAC6003BD083 /* Products */;
			projectDirPath = "";
			projectRoot = "";
			targets = (
				1241B9FF1A09AAC6003BD083 /* ChatApp */,
				1241BA1B1A09AAC6003BD083 /* ChatAppTests */,
			);
		};
/* End PBXProject section */

/* Begin PBXResourcesBuildPhase section */
		1241B9FE1A09AAC6003BD083 /* Resources */ = {
			isa = PBXResourcesBuildPhase;
			buildActionMask = 2147483647;
			files = (
				1241BA121A09AAC6003BD083 /* Main.storyboard in Resources */,
				1241BA171A09AAC6003BD083 /* LaunchScreen.xib in Resources */,
				1241BA141A09AAC6003BD083 /* Images.xcassets in Resources */,
			);
			runOnlyForDeploymentPostprocessing = 0;
		};
		1241BA1A1A09AAC6003BD083 /* Resources */ = {
			isa = PBXResourcesBuildPhase;
			buildActionMask = 2147483647;
			files = (
			);
			runOnlyForDeploymentPostprocessing = 0;
		};
/* End PBXResourcesBuildPhase section */

/* Begin PBXSourcesBuildPhase section */
		1241B9FC1A09AAC6003BD083 /* Sources */ = {
			isa = PBXSourcesBuildPhase;
			buildActionMask = 2147483647;
			files = (
				1241BA0C1A09AAC6003BD083 /* ChatApp.xcdatamodeld in Sources */,
				1241BA091A09AAC6003BD083 /* AppDelegate.m in Sources */,
				1241BA0F1A09AAC6003BD083 /* ViewController.m in Sources */,
				1241BA061A09AAC6003BD083 /* main.m in Sources */,
			);
			runOnlyForDeploymentPostprocessing = 0;
		};
		1241BA181A09AAC6003BD083 /* Sources */ = {
			isa = PBXSourcesBuildPhase;
			buildActionMask = 2147483647;
			files = (
				1241BA231A09AAC6003BD083 /* ChatAppTests.m in Sources */,
			);
			runOnlyForDeploymentPostprocessing = 0;
		};
/* End PBXSourcesBuildPhase section */

/* Begin PBXTargetDependency section */
		1241BA1E1A09AAC6003BD083 /* PBXTargetDependency */ = {
			isa = PBXTargetDependency;
			target = 1241B9FF1A09AAC6003BD083 /* ChatApp */;
			targetProxy = 1241BA1D1A09AAC6003BD083 /* PBXContainerItemProxy */;
		};
/* End PBXTargetDependency section */

/* Begin PBXVariantGroup section */
		1241BA101A09AAC6003BD083 /* Main.storyboard */ = {
			isa = PBXVariantGroup;
			children = (
				1241BA111A09AAC6003BD083 /* Base */,
			);
			name = Main.storyboard;
			sourceTree = "<group>";
		};
		1241BA151A09AAC6003BD083 /* LaunchScreen.xib */ = {
			isa = PBXVariantGroup;
			children = (
				1241BA161A09AAC6003BD083 /* Base */,
			);
			name = LaunchScreen.xib;
			sourceTree = "<group>";
		};
/* End PBXVariantGroup section */

/* Begin XCBuildConfiguration section */
		1241BA241A09AAC6003BD083 /* Debug */ = {
			isa = XCBuildConfiguration;
			buildSettings = {
				ALWAYS_SEARCH_USER_PATHS = NO;
				CLANG_CXX_LANGUAGE_STANDARD = "gnu++0x";
				CLANG_CXX_LIBRARY = "libc++";
				CLANG_ENABLE_MODULES = YES;
				CLANG_ENABLE_OBJC_ARC = YES;
				CLANG_WARN_BOOL_CONVERSION = YES;
				CLANG_WARN_CONSTANT_CONVERSION = YES;
				CLANG_WARN_DIRECT_OBJC_ISA_USAGE = YES_ERROR;
				CLANG_WARN_EMPTY_BODY = YES;
				CLANG_WARN_ENUM_CONVERSION = YES;
				CLANG_WARN_INT_CONVERSION = YES;
				CLANG_WARN_OBJC_ROOT_CLASS = YES_ERROR;
				CLANG_WARN_UNREACHABLE_CODE = YES;
				CLANG_WARN__DUPLICATE_METHOD_MATCH = YES;
				"CODE_SIGN_IDENTITY[sdk=iphoneos*]" = "iPhone Developer";
				COPY_PHASE_STRIP = NO;
				ENABLE_STRICT_OBJC_MSGSEND = YES;
				GCC_C_LANGUAGE_STANDARD = gnu99;
				GCC_DYNAMIC_NO_PIC = NO;
				GCC_OPTIMIZATION_LEVEL = 0;
				GCC_PREPROCESSOR_DEFINITIONS = (
					"DEBUG=1",
					"$(inherited)",
				);
				GCC_SYMBOLS_PRIVATE_EXTERN = NO;
				GCC_WARN_64_TO_32_BIT_CONVERSION = YES;
				GCC_WARN_ABOUT_RETURN_TYPE = YES_ERROR;
				GCC_WARN_UNDECLARED_SELECTOR = YES;
				GCC_WARN_UNINITIALIZED_AUTOS = YES_AGGRESSIVE;
				GCC_WARN_UNUSED_FUNCTION = YES;
				GCC_WARN_UNUSED_VARIABLE = YES;
				IPHONEOS_DEPLOYMENT_TARGET = 8.1;
				MTL_ENABLE_DEBUG_INFO = YES;
				ONLY_ACTIVE_ARCH = YES;
				SDKROOT = iphoneos;
			};
			name = Debug;
		};
		1241BA251A09AAC6003BD083 /* Release */ = {
			isa = XCBuildConfiguration;
			buildSettings = {
				ALWAYS_SEARCH_USER_PATHS = NO;
				CLANG_CXX_LANGUAGE_STANDARD = "gnu++0x";
				CLANG_CXX_LIBRARY = "libc++";
				CLANG_ENABLE_MODULES = YES;
				CLANG_ENABLE_OBJC_ARC = YES;
				CLANG_WARN_BOOL_CONVERSION = YES;
				CLANG_WARN_CONSTANT_CONVERSION = YES;
				CLANG_WARN_DIRECT_OBJC_ISA_USAGE = YES_ERROR;
				CLANG_WARN_EMPTY_BODY = YES;
				CLANG_WARN_ENUM_CONVERSION = YES;
				CLANG_WARN_INT_CONVERSION = YES;
				CLANG_WARN_OBJC_ROOT_CLASS = YES_ERROR;
				CLANG_WARN_UNREACHABLE_CODE = YES;
				CLANG_WARN__DUPLICATE_METHOD_MATCH = YES;
				"CODE_SIGN_IDENTITY[sdk=iphoneos*]" = "iPhone Developer";
				COPY_PHASE_STRIP = YES;
				ENABLE_NS_ASSERTIONS = NO;
				ENABLE_STRICT_OBJC_MSGSEND = YES;
				GCC_C_LANGUAGE_STANDARD = gnu99;
				GCC_WARN_64_TO_32_BIT_CONVERSION = YES;
				GCC_WARN_ABOUT_RETURN_TYPE = YES_ERROR;
				GCC_WARN_UNDECLARED_SELECTOR = YES;
				GCC_WARN_UNINITIALIZED_AUTOS = YES_AGGRESSIVE;
				GCC_WARN_UNUSED_FUNCTION = YES;
				GCC_WARN_UNUSED_VARIABLE = YES;
				IPHONEOS_DEPLOYMENT_TARGET = 8.1;
				MTL_ENABLE_DEBUG_INFO = NO;
				SDKROOT = iphoneos;
				VALIDATE_PRODUCT = YES;
			};
			name = Release;
		};
		1241BA271A09AAC6003BD083 /* Debug */ = {
			isa = XCBuildConfiguration;
			buildSettings = {
				ASSETCATALOG_COMPILER_APPICON_NAME = AppIcon;
				INFOPLIST_FILE = ChatApp/Info.plist;
				LD_RUNPATH_SEARCH_PATHS = "$(inherited) @executable_path/Frameworks";
				PRODUCT_NAME = "$(TARGET_NAME)";
			};
			name = Debug;
		};
		1241BA281A09AAC6003BD083 /* Release */ = {
			isa = XCBuildConfiguration;
			buildSettings = {
				ASSETCATALOG_COMPILER_APPICON_NAME = AppIcon;
				INFOPLIST_FILE = ChatApp/Info.plist;
				LD_RUNPATH_SEARCH_PATHS = "$(inherited) @executable_path/Frameworks";
				PRODUCT_NAME = "$(TARGET_NAME)";
			};
			name = Release;
		};
		1241BA2A1A09AAC6003BD083 /* Debug */ = {
			isa = XCBuildConfiguration;
			buildSettings = {
				BUNDLE_LOADER = "$(TEST_HOST)";
				FRAMEWORK_SEARCH_PATHS = (
					"$(SDKROOT)/Developer/Library/Frameworks",
					"$(inherited)",
				);
				GCC_PREPROCESSOR_DEFINITIONS = (
					"DEBUG=1",
					"$(inherited)",
				);
				INFOPLIST_FILE = ChatAppTests/Info.plist;
				LD_RUNPATH_SEARCH_PATHS = "$(inherited) @executable_path/Frameworks @loader_path/Frameworks";
				PRODUCT_NAME = "$(TARGET_NAME)";
				TEST_HOST = "$(BUILT_PRODUCTS_DIR)/ChatApp.app/ChatApp";
			};
			name = Debug;
		};
		1241BA2B1A09AAC6003BD083 /* Release */ = {
			isa = XCBuildConfiguration;
			buildSettings = {
				BUNDLE_LOADER = "$(TEST_HOST)";
				FRAMEWORK_SEARCH_PATHS = (
					"$(SDKROOT)/Developer/Library/Frameworks",
					"$(inherited)",
				);
				INFOPLIST_FILE = ChatAppTests/Info.plist;
				LD_RUNPATH_SEARCH_PATHS = "$(inherited) @executable_path/Frameworks @loader_path/Frameworks";
				PRODUCT_NAME = "$(TARGET_NAME)";
				TEST_HOST = "$(BUILT_PRODUCTS_DIR)/ChatApp.app/ChatApp";
			};
			name = Release;
		};
/* End XCBuildConfiguration section */

/* Begin XCConfigurationList section */
		1241B9FB1A09AAC6003BD083 /* Build configuration list for PBXProject "ChatApp" */ = {
			isa = XCConfigurationList;
			buildConfigurations = (
				1241BA241A09AAC6003BD083 /* Debug */,
				1241BA251A09AAC6003BD083 /* Release */,
			);
			defaultConfigurationIsVisible = 0;
			defaultConfigurationName = Release;
		};
		1241BA261A09AAC6003BD083 /* Build configuration list for PBXNativeTarget "ChatApp" */ = {
			isa = XCConfigurationList;
			buildConfigurations = (
				1241BA271A09AAC6003BD083 /* Debug */,
				1241BA281A09AAC6003BD083 /* Release */,
			);
			defaultConfigurationIsVisible = 0;
		};
		1241BA291A09AAC6003BD083 /* Build configuration list for PBXNativeTarget "ChatAppTests" */ = {
			isa = XCConfigurationList;
			buildConfigurations = (
				1241BA2A1A09AAC6003BD083 /* Debug */,
				1241BA2B1A09AAC6003BD083 /* Release */,
			);
			defaultConfigurationIsVisible = 0;
		};
/* End XCConfigurationList section */

/* Begin XCVersionGroup section */
		1241BA0A1A09AAC6003BD083 /* ChatApp.xcdatamodeld */ = {
			isa = XCVersionGroup;
			children = (
				1241BA0B1A09AAC6003BD083 /* ChatApp.xcdatamodel */,
			);
			currentVersion = 1241BA0B1A09AAC6003BD083 /* ChatApp.xcdatamodel */;
			path = ChatApp.xcdatamodeld;
			sourceTree = "<group>";
			versionGroupType = wrapper.xcdatamodel;
		};
/* End XCVersionGroup section */
	};
	rootObject = 1241B9F81A09AAC6003BD083 /* Project object */;
}
